
Microsoft Visual Studio Solution File, Format Version 12.00
# Visual Studio Version 17
VisualStudioVersion = 17.14.36301.6 d17.14
MinimumVisualStudioVersion = 10.0.40219.1
Project("{FAE04EC0-301F-11D3-BF4B-00C04F79EFBC}") = "PrimeGames", "PrimeGames.csproj", "{108B9195-937E-A97B-C50B-D456FC05225E}"
EndProject
Global
	GlobalSection(SolutionConfigurationPlatforms) = preSolution
		Debug|Any CPU = Debug|Any CPU
		Release|Any CPU = Release|Any CPU
	EndGlobalSection
	GlobalSection(ProjectConfigurationPlatforms) = postSolution
		{108B9195-937E-A97B-C50B-D456FC05225E}.Debug|Any CPU.ActiveCfg = Debug|Any CPU
		{108B9195-937E-A97B-C50B-D456FC05225E}.Debug|Any CPU.Build.0 = Debug|Any CPU
		{108B9195-937E-A97B-C50B-D456FC05225E}.Release|Any CPU.ActiveCfg = Release|Any CPU
		{108B9195-937E-A97B-C50B-D456FC05225E}.Release|Any CPU.Build.0 = Release|Any CPU
	EndGlobalSection
	GlobalSection(SolutionProperties) = preSolution
		HideSolutionNode = FALSE
	EndGlobalSection
	GlobalSection(ExtensibilityGlobals) = postSolution
		SolutionGuid = {E0AE476D-A44A-43B8-A6AE-CD2FD26385D6}
	EndGlobalSection
EndGlobal
